<?xml version="1.0" encoding="UTF-8" standalone="yes" ?>
<CodeBlocks_project_file>
	<FileVersion major="1" minor="6" />
	<Project>
		<Option title="Drunken-Llama-Prophecy" />
		<Option pch_mode="2" />
		<Option compiler="gcc" />
		<Build>
			<Target title="Debug">
				<Option output="bin/Debug/Drunken-Llama-Prophecy" prefix_auto="1" extension_auto="1" />
				<Option object_output="obj/Debug/" />
				<Option type="1" />
				<Option compiler="gcc" />
				<Compiler>
					<Add option="-g" />
					<Add directory="include" />
				</Compiler>
			</Target>
			<Target title="Release">
				<Option output="bin/Release/Drunken-Llama-Prophecy" prefix_auto="1" extension_auto="1" />
				<Option object_output="obj/Release/" />
				<Option type="1" />
				<Option compiler="gcc" />
				<Compiler>
					<Add option="-O2" />
					<Add directory="include" />
				</Compiler>
				<Linker>
					<Add option="-s" />
				</Linker>
			</Target>
		</Build>
		<Compiler>
			<Add option="-Wall" />
		</Compiler>
		<Linker>
			<Add option="-lSDL2 -lSDL2_image -lSDL2_mixer" />
		</Linker>
		<Unit filename="include/AnimationHandler.hpp">
			<Option compile="1" />
		</Unit>
		<Unit filename="include/Camera.hpp">
			<Option compile="1" />
		</Unit>
		<Unit filename="include/Character.hpp">
			<Option compile="1" />
		</Unit>
		<Unit filename="include/Collision.hpp">
			<Option compile="1" />
		</Unit>
		<Unit filename="include/Command.hpp">
			<Option compile="1" />
		</Unit>
		<Unit filename="include/Credits.hpp">
			<Option compile="1" />
		</Unit>
		<Unit filename="include/GameEngine.hpp">
			<Option compile="1" />
		</Unit>
		<Unit filename="include/GameObject.hpp">
			<Option compile="1" />
		</Unit>
		<Unit filename="include/GameState.hpp">
			<Option compile="1" />
		</Unit>
		<Unit filename="include/Graph.hpp">
			<Option compile="1" />
		</Unit>
		<Unit filename="include/Hex.hpp">
			<Option compile="1" />
		</Unit>
		<Unit filename="include/Initializer.hpp">
			<Option compile="1" />
		</Unit>
		<Unit filename="include/Land.hpp">
			<Option compile="1" />
		</Unit>
		<Unit filename="include/Logger.hpp">
			<Option compile="1" />
		</Unit>
		<Unit filename="include/Manager.hpp">
			<Option compile="1" />
		</Unit>
		<Unit filename="include/MenuState.hpp">
			<Option compile="1" />
		</Unit>
		<Unit filename="include/PauseState.hpp">
			<Option compile="1" />
		</Unit>
		<Unit filename="include/PlayState.hpp">
			<Option compile="1" />
		</Unit>
		<Unit filename="include/PlayableCharacter.hpp">
			<Option compile="1" />
		</Unit>
		<Unit filename="include/Printable.hpp">
			<Option compile="1" />
		</Unit>
		<Unit filename="include/PriorityQueue.hpp">
			<Option compile="1" />
		</Unit>
		<Unit filename="include/QuadTree.hpp">
			<Option compile="1" />
		</Unit>
		<Unit filename="include/Sounds.hpp">
			<Option compile="1" />
		</Unit>
		<Unit filename="include/Texture.hpp">
			<Option compile="1" />
		</Unit>
		<Unit filename="include/Timer.hpp">
			<Option compile="1" />
		</Unit>
		<Unit filename="include/Window.hpp">
			<Option compile="1" />
		</Unit>
		<Unit filename="include/World.hpp">
			<Option compile="1" />
		</Unit>
		<Unit filename="main.cpp" />
		<Unit filename="src/AnimationHandler.cpp" />
		<Unit filename="src/Camera.cpp" />
		<Unit filename="src/Character.cpp" />
		<Unit filename="src/Credits.cpp" />
		<Unit filename="src/GameEngine.cpp" />
		<Unit filename="src/GameObject.cpp" />
		<Unit filename="src/GameState.cpp" />
		<Unit filename="src/Graph.cpp" />
		<Unit filename="src/Initializer.cpp" />
		<Unit filename="src/Land.cpp" />
		<Unit filename="src/Logger.cpp" />
		<Unit filename="src/MenuState.cpp" />
		<Unit filename="src/PauseState.cpp" />
		<Unit filename="src/PlayState.cpp" />
		<Unit filename="src/PlayableCharacter.cpp" />
		<Unit filename="src/Printable.cpp" />
		<Unit filename="src/QuadTree.cpp" />
		<Unit filename="src/Sounds.cpp" />
		<Unit filename="src/Texture.cpp" />
		<Unit filename="src/Window.cpp" />
		<Unit filename="src/World.cpp" />
		<Extensions>
			<code_completion />
			<envvars />
			<debugger />
			<lib_finder disable_auto="1" />
		</Extensions>
	</Project>
</CodeBlocks_project_file>
